{
  "name": "Pichayon",
  "version": "0.0.1",
  "lockfileVersion": 3,
  "requires": true,
  "packages": {
    "": {
      "name": "Pichayon",
      "version": "0.0.1",
      "license": "UNLICENSED",
      "dependencies": {
        "brython": "^3.8.9",
        "fomantic-ui-css": "^2.8.5"
      },
      "devDependencies": {}
    },
    "node_modules/brython": {
      "version": "3.13.1",
      "resolved": "https://registry.npmjs.org/brython/-/brython-3.13.1.tgz",
      "integrity": "sha512-QqnLnskax77EFz75KttyU1Y/0O2/fYrL6yOWKKNPd5TiqZmupx3ihZCv+W1YnNSJJD4C+ofuc5MQEUWb2zSP9Q=="
    },
    "node_modules/fomantic-ui-css": {
      "version": "2.9.4",
      "resolved": "https://registry.npmjs.org/fomantic-ui-css/-/fomantic-ui-css-2.9.4.tgz",
      "integrity": "sha512-4U8enaBjxAdjMfpTKhf0Of9/XZJo/WSh90FaF85gIYy669eGYe0tRFzE9T0lIiLRmxa20yKLhT6TvLxGau13dA==",
      "dependencies": {
        "jquery": "^3.4.0"
      }
    },
    "node_modules/jquery": {
      "version": "3.7.1",
      "resolved": "https://registry.npmjs.org/jquery/-/jquery-3.7.1.tgz",
      "integrity": "sha512-m4avr8yL8kmFN8psrbFFFmB/If14iN5o9nw/NgnnM+kybDJpRsAynV2BsfpTYrTRysYUdADVD7CkUUizgkpLfg=="
    }
  }
}
